
Microsoft Visual Studio Solution File, Format Version 12.00
# Visual Studio Version 17
VisualStudioVersion = 17.0.31903.59
MinimumVisualStudioVersion = 10.0.40219.1
Project("{FAE04EC0-301F-11D3-BF4B-00C04F79EFBC}") = "letter", "letter\letter.csproj", "{C3C92596-1DE5-4DD6-B72F-9419CFFC5442}"
EndProject
Project("{FAE04EC0-301F-11D3-BF4B-00C04F79EFBC}") = "data", "data\data.csproj", "{919B3975-F504-4A5B-9853-EE8CDA834CF0}"
EndProject
Project("{FAE04EC0-301F-11D3-BF4B-00C04F79EFBC}") = "host", "host\host.csproj", "{28799552-4E08-4631-B27E-B2B65195CFFA}"
EndProject
Project("{FAE04EC0-301F-11D3-BF4B-00C04F79EFBC}") = "abstractions", "abstractions\abstractions.csproj", "{176BF6D5-5C0B-474D-8E7B-E1B798D8BA87}"
EndProject
Global
	GlobalSection(SolutionConfigurationPlatforms) = preSolution
		Debug|Any CPU = Debug|Any CPU
		Release|Any CPU = Release|Any CPU
	EndGlobalSection
	GlobalSection(SolutionProperties) = preSolution
		HideSolutionNode = FALSE
	EndGlobalSection
	GlobalSection(ProjectConfigurationPlatforms) = postSolution
		{C3C92596-1DE5-4DD6-B72F-9419CFFC5442}.Debug|Any CPU.ActiveCfg = Debug|Any CPU
		{C3C92596-1DE5-4DD6-B72F-9419CFFC5442}.Debug|Any CPU.Build.0 = Debug|Any CPU
		{C3C92596-1DE5-4DD6-B72F-9419CFFC5442}.Release|Any CPU.ActiveCfg = Release|Any CPU
		{C3C92596-1DE5-4DD6-B72F-9419CFFC5442}.Release|Any CPU.Build.0 = Release|Any CPU
		{919B3975-F504-4A5B-9853-EE8CDA834CF0}.Debug|Any CPU.ActiveCfg = Debug|Any CPU
		{919B3975-F504-4A5B-9853-EE8CDA834CF0}.Debug|Any CPU.Build.0 = Debug|Any CPU
		{919B3975-F504-4A5B-9853-EE8CDA834CF0}.Release|Any CPU.ActiveCfg = Release|Any CPU
		{919B3975-F504-4A5B-9853-EE8CDA834CF0}.Release|Any CPU.Build.0 = Release|Any CPU
		{28799552-4E08-4631-B27E-B2B65195CFFA}.Debug|Any CPU.ActiveCfg = Debug|Any CPU
		{28799552-4E08-4631-B27E-B2B65195CFFA}.Debug|Any CPU.Build.0 = Debug|Any CPU
		{28799552-4E08-4631-B27E-B2B65195CFFA}.Release|Any CPU.ActiveCfg = Release|Any CPU
		{28799552-4E08-4631-B27E-B2B65195CFFA}.Release|Any CPU.Build.0 = Release|Any CPU
		{176BF6D5-5C0B-474D-8E7B-E1B798D8BA87}.Debug|Any CPU.ActiveCfg = Debug|Any CPU
		{176BF6D5-5C0B-474D-8E7B-E1B798D8BA87}.Debug|Any CPU.Build.0 = Debug|Any CPU
		{176BF6D5-5C0B-474D-8E7B-E1B798D8BA87}.Release|Any CPU.ActiveCfg = Release|Any CPU
		{176BF6D5-5C0B-474D-8E7B-E1B798D8BA87}.Release|Any CPU.Build.0 = Release|Any CPU
	EndGlobalSection
EndGlobal
