{
  "lockfileVersion": 3,
  "name": "tests",
  "packages": {
    "": {
      "dependencies": {
        "allure-js-commons": "^3.3.3",
        "charenc": "^0.0.2",
        "crypt": "^0.0.2",
        "dotenv": "^17.2.2",
        "is-buffer": "^1.1.6",
        "md5": "^2.3.0",
        "playwright": "^1.54.2",
        "playwright-core": "^1.54.2",
        "undici-types": "^7.10.0"
      },
      "devDependencies": {
        "@playwright/test": "^1.55.1",
        "@types/node": "^24.3.1",
        "allure-commandline": "^2.34.1",
        "allure-playwright": "^3.3.3"
      },
      "license": "ISC",
      "name": "tests",
      "version": "1.0.0"
    },
    "node_modules/@playwright/test": {
      "bin": {
        "playwright": "cli.js"
      },
      "dependencies": {
        "playwright": "1.55.1"
      },
      "devOptional": true,
      "engines": {
        "node": ">=18"
      },
      "integrity": "sha512-IVAh/nOJaw6W9g+RJVlIQJ6gSiER+ae6mKQ5CX1bERzQgbC1VSeBlwdvczT7pxb0GWiyrxH4TGKbMfDb4Sq/ig==",
      "license": "Apache-2.0",
      "resolved": "https://registry.npmjs.org/@playwright/test/-/test-1.55.1.tgz",
      "version": "1.55.1"
    },
    "node_modules/@types/node": {
      "dependencies": {
        "undici-types": "~7.13.0"
      },
      "dev": true,
      "integrity": "sha512-ljvjjs3DNXummeIaooB4cLBKg2U6SPI6Hjra/9rRIy7CpM0HpLtG9HptkMKAb4HYWy5S7HUvJEuWgr/y0U8SHw==",
      "license": "MIT",
      "resolved": "https://registry.npmjs.org/@types/node/-/node-24.6.1.tgz",
      "version": "24.6.1"
    },
    "node_modules/@types/node/node_modules/undici-types": {
      "dev": true,
      "integrity": "sha512-Ov2Rr9Sx+fRgagJ5AX0qvItZG/JKKoBRAVITs1zk7IqZGTJUwgUr7qoYBpWwakpWilTZFM98rG/AFRocu10iIQ==",
      "license": "MIT",
      "resolved": "https://registry.npmjs.org/undici-types/-/undici-types-7.13.0.tgz",
      "version": "7.13.0"
    },
    "node_modules/allure-commandline": {
      "bin": {
        "allure": "bin/allure"
      },
      "dev": true,
      "integrity": "sha512-l42csZ2bz7FdtJI1t5zA3IXtOZ0YJaP/+JMRC9gt6aBHRVUIu+6r+3F7KRyshQ79osLz9/MHlGqAjBPRqH0QFw==",
      "license": "Apache-2.0",
      "resolved": "https://registry.npmjs.org/allure-commandline/-/allure-commandline-2.34.1.tgz",
      "version": "2.34.1"
    },
    "node_modules/allure-js-commons": {
      "dependencies": {
        "md5": "^2.3.0"
      },
      "integrity": "sha512-Lzs91+8fTPUucnLwQULuuLyEJWQCBCxsZl5tX6lMPFZcAVXgwu/Dti0XfzhH9R1Hw8e43k20XAlmyh/ZDqqpYA==",
      "license": "Apache-2.0",
      "peerDependencies": {
        "allure-playwright": "3.4.1"
      },
      "peerDependenciesMeta": {
        "allure-playwright": {
          "optional": true
        }
      },
      "resolved": "https://registry.npmjs.org/allure-js-commons/-/allure-js-commons-3.4.1.tgz",
      "version": "3.4.1"
    },
    "node_modules/allure-playwright": {
      "dependencies": {
        "allure-js-commons": "3.4.1"
      },
      "devOptional": true,
      "integrity": "sha512-vSc+7iBmilejRbSiv0dakl+/EONHFUs3yDmEOydKmF0+aOMczRyMYOBvU42Ob51PrZozi11ExiQj9SCMH0c4bQ==",
      "license": "Apache-2.0",
      "peerDependencies": {
        "@playwright/test": ">=1.53.0"
      },
      "resolved": "https://registry.npmjs.org/allure-playwright/-/allure-playwright-3.4.1.tgz",
      "version": "3.4.1"
    },
    "node_modules/charenc": {
      "engines": {
        "node": "*"
      },
      "integrity": "sha512-yrLQ/yVUFXkzg7EDQsPieE/53+0RlaWTs+wBrvW36cyilJ2SaDWfl4Yj7MtLTXleV9uEKefbAGUPv2/iWSooRA==",
      "license": "BSD-3-Clause",
      "resolved": "https://registry.npmjs.org/charenc/-/charenc-0.0.2.tgz",
      "version": "0.0.2"
    },
    "node_modules/crypt": {
      "engines": {
        "node": "*"
      },
      "integrity": "sha512-mCxBlsHFYh9C+HVpiEacem8FEBnMXgU9gy4zmNC+SXAZNB/1idgp/aulFJ4FgCi7GPEVbfyng092GqL2k2rmow==",
      "license": "BSD-3-Clause",
      "resolved": "https://registry.npmjs.org/crypt/-/crypt-0.0.2.tgz",
      "version": "0.0.2"
    },
    "node_modules/dotenv": {
      "engines": {
        "node": ">=12"
      },
      "funding": {
        "url": "https://dotenvx.com"
      },
      "integrity": "sha512-JVUnt+DUIzu87TABbhPmNfVdBDt18BLOWjMUFJMSi/Qqg7NTYtabbvSNJGOJ7afbRuv9D/lngizHtP7QyLQ+9w==",
      "license": "BSD-2-Clause",
      "resolved": "https://registry.npmjs.org/dotenv/-/dotenv-17.2.3.tgz",
      "version": "17.2.3"
    },
    "node_modules/is-buffer": {
      "integrity": "sha512-NcdALwpXkTm5Zvvbk7owOUSvVvBKDgKP5/ewfXEznmQFfs4ZRmanOeKBTjRVjka3QFoN6XJ+9F3USqfHqTaU5w==",
      "license": "MIT",
      "resolved": "https://registry.npmjs.org/is-buffer/-/is-buffer-1.1.6.tgz",
      "version": "1.1.6"
    },
    "node_modules/md5": {
      "dependencies": {
        "charenc": "0.0.2",
        "crypt": "0.0.2",
        "is-buffer": "~1.1.6"
      },
      "integrity": "sha512-T1GITYmFaKuO91vxyoQMFETst+O71VUPEU3ze5GNzDm0OWdP8v1ziTaAEPUr/3kLsY3Sftgz242A1SetQiDL7g==",
      "license": "BSD-3-Clause",
      "resolved": "https://registry.npmjs.org/md5/-/md5-2.3.0.tgz",
      "version": "2.3.0"
    },
    "node_modules/playwright": {
      "bin": {
        "playwright": "cli.js"
      },
      "dependencies": {
        "playwright-core": "1.55.1"
      },
      "engines": {
        "node": ">=18"
      },
      "integrity": "sha512-cJW4Xd/G3v5ovXtJJ52MAOclqeac9S/aGGgRzLabuF8TnIb6xHvMzKIa6JmrRzUkeXJgfL1MhukP0NK6l39h3A==",
      "license": "Apache-2.0",
      "optionalDependencies": {
        "fsevents": "2.3.2"
      },
      "resolved": "https://registry.npmjs.org/playwright/-/playwright-1.55.1.tgz",
      "version": "1.55.1"
    },
    "node_modules/playwright-core": {
      "bin": {
        "playwright-core": "cli.js"
      },
      "engines": {
        "node": ">=18"
      },
      "integrity": "sha512-Z6Mh9mkwX+zxSlHqdr5AOcJnfp+xUWLCt9uKV18fhzA8eyxUd8NUWzAjxUh55RZKSYwDGX0cfaySdhZJGMoJ+w==",
      "license": "Apache-2.0",
      "resolved": "https://registry.npmjs.org/playwright-core/-/playwright-core-1.55.1.tgz",
      "version": "1.55.1"
    },
    "node_modules/undici-types": {
      "integrity": "sha512-Zz+aZWSj8LE6zoxD+xrjh4VfkIG8Ya6LvYkZqtUQGJPZjYl53ypCaUwWqo7eI0x66KBGeRo+mlBEkMSeSZ38Nw==",
      "license": "MIT",
      "resolved": "https://registry.npmjs.org/undici-types/-/undici-types-7.16.0.tgz",
      "version": "7.16.0"
    }
  },
  "requires": true,
  "version": "1.0.0"
}
